
Microsoft Visual Studio Solution File, Format Version 12.00
# Visual Studio Version 17
VisualStudioVersion = 17.11.35327.3
MinimumVisualStudioVersion = 10.0.40219.1
Project("{FAE04EC0-301F-11D3-BF4B-00C04F79EFBC}") = "BookShop.Domain", "BookShop.Domain\BookShop.Domain.csproj", "{D0B9EF59-DD2E-48E3-8AAE-1A5223FE6A37}"
EndProject
Project("{2150E333-8FDC-42A3-9474-1A3956D46DE8}") = "BackEnd", "BackEnd", "{46F07594-BAE5-4996-AF23-15A92696D417}"
EndProject
Project("{2150E333-8FDC-42A3-9474-1A3956D46DE8}") = "FrondEnd", "FrondEnd", "{27774368-29E2-4198-AE0E-6F09DC36CDC3}"
EndProject
Project("{FAE04EC0-301F-11D3-BF4B-00C04F79EFBC}") = "BookShop.Persistance", "BookShop.Persistance\BookShop.Persistance.csproj", "{3F4B5299-3690-4C28-A017-0EC7B74BEBB9}"
EndProject
Global
	GlobalSection(SolutionConfigurationPlatforms) = preSolution
		Debug|Any CPU = Debug|Any CPU
		Release|Any CPU = Release|Any CPU
	EndGlobalSection
	GlobalSection(ProjectConfigurationPlatforms) = postSolution
		{D0B9EF59-DD2E-48E3-8AAE-1A5223FE6A37}.Debug|Any CPU.ActiveCfg = Debug|Any CPU
		{D0B9EF59-DD2E-48E3-8AAE-1A5223FE6A37}.Debug|Any CPU.Build.0 = Debug|Any CPU
		{D0B9EF59-DD2E-48E3-8AAE-1A5223FE6A37}.Release|Any CPU.ActiveCfg = Release|Any CPU
		{D0B9EF59-DD2E-48E3-8AAE-1A5223FE6A37}.Release|Any CPU.Build.0 = Release|Any CPU
		{3F4B5299-3690-4C28-A017-0EC7B74BEBB9}.Debug|Any CPU.ActiveCfg = Debug|Any CPU
		{3F4B5299-3690-4C28-A017-0EC7B74BEBB9}.Debug|Any CPU.Build.0 = Debug|Any CPU
		{3F4B5299-3690-4C28-A017-0EC7B74BEBB9}.Release|Any CPU.ActiveCfg = Release|Any CPU
		{3F4B5299-3690-4C28-A017-0EC7B74BEBB9}.Release|Any CPU.Build.0 = Release|Any CPU
	EndGlobalSection
	GlobalSection(SolutionProperties) = preSolution
		HideSolutionNode = FALSE
	EndGlobalSection
	GlobalSection(NestedProjects) = preSolution
		{D0B9EF59-DD2E-48E3-8AAE-1A5223FE6A37} = {46F07594-BAE5-4996-AF23-15A92696D417}
		{3F4B5299-3690-4C28-A017-0EC7B74BEBB9} = {46F07594-BAE5-4996-AF23-15A92696D417}
	EndGlobalSection
	GlobalSection(ExtensibilityGlobals) = postSolution
		SolutionGuid = {F39646C5-83DD-476C-BC21-07585796619F}
	EndGlobalSection
EndGlobal
